
Microsoft Visual Studio Solution File, Format Version 12.00
# Visual Studio Version 16
VisualStudioVersion = 16.0.34601.136
MinimumVisualStudioVersion = 10.0.40219.1
Project("{FAE04EC0-301F-11D3-BF4B-00C04F79EFBC}") = "g2cieloes", "g2cieloes\g2cieloes.csproj", "{682DE9EE-152E-473F-914C-1735A76A25E8}"
EndProject
Global
	GlobalSection(SolutionConfigurationPlatforms) = preSolution
		Debug|Any CPU = Debug|Any CPU
		Release|Any CPU = Release|Any CPU
	EndGlobalSection
	GlobalSection(ProjectConfigurationPlatforms) = postSolution
		{682DE9EE-152E-473F-914C-1735A76A25E8}.Debug|Any CPU.ActiveCfg = Debug|Any CPU
		{682DE9EE-152E-473F-914C-1735A76A25E8}.Debug|Any CPU.Build.0 = Debug|Any CPU
		{682DE9EE-152E-473F-914C-1735A76A25E8}.Release|Any CPU.ActiveCfg = Release|Any CPU
		{682DE9EE-152E-473F-914C-1735A76A25E8}.Release|Any CPU.Build.0 = Release|Any CPU
	EndGlobalSection
	GlobalSection(SolutionProperties) = preSolution
		HideSolutionNode = FALSE
	EndGlobalSection
	GlobalSection(ExtensibilityGlobals) = postSolution
		SolutionGuid = {2F7D3421-01CB-4080-A5D1-A2F2A56F6106}
	EndGlobalSection
EndGlobal
