
Microsoft Visual Studio Solution File, Format Version 12.00
# Visual Studio Version 16
VisualStudioVersion = 16.0.34601.136
MinimumVisualStudioVersion = 10.0.40219.1
Project("{FAE04EC0-301F-11D3-BF4B-00C04F79EFBC}") = "Group2CIELOES", "Group2CIELOES\Group2CIELOES.csproj", "{297E33BF-442E-4282-8905-7B55580FE823}"
EndProject
Global
	GlobalSection(SolutionConfigurationPlatforms) = preSolution
		Debug|Any CPU = Debug|Any CPU
		Release|Any CPU = Release|Any CPU
	EndGlobalSection
	GlobalSection(ProjectConfigurationPlatforms) = postSolution
		{297E33BF-442E-4282-8905-7B55580FE823}.Debug|Any CPU.ActiveCfg = Debug|Any CPU
		{297E33BF-442E-4282-8905-7B55580FE823}.Debug|Any CPU.Build.0 = Debug|Any CPU
		{297E33BF-442E-4282-8905-7B55580FE823}.Release|Any CPU.ActiveCfg = Release|Any CPU
		{297E33BF-442E-4282-8905-7B55580FE823}.Release|Any CPU.Build.0 = Release|Any CPU
	EndGlobalSection
	GlobalSection(SolutionProperties) = preSolution
		HideSolutionNode = FALSE
	EndGlobalSection
	GlobalSection(ExtensibilityGlobals) = postSolution
		SolutionGuid = {63AE8189-561E-43BE-8C47-2CF09DD17EC2}
	EndGlobalSection
EndGlobal
